// !$*UTF8*$!
{
	archiveVersion = 1;
	classes = {
	};
	objectVersion = 56;
	objects = {

/* Begin PBXBuildFile section */
		564451CC2BF9EDD900712D17 /* LoginScreen.swift in Sources */ = {isa = PBXBuildFile; fileRef = 564451C92BF9EDD900712D17 /* LoginScreen.swift */; };
		564451CD2BF9EDD900712D17 /* LoginBuilder.swift in Sources */ = {isa = PBXBuildFile; fileRef = 564451CA2BF9EDD900712D17 /* LoginBuilder.swift */; };
		564451CE2BF9EDD900712D17 /* LoginScreenModel.swift in Sources */ = {isa = PBXBuildFile; fileRef = 564451CB2BF9EDD900712D17 /* LoginScreenModel.swift */; };
		564451D32BF9FAFD00712D17 /* DetailScreen.swift in Sources */ = {isa = PBXBuildFile; fileRef = 564451D02BF9FAFD00712D17 /* DetailScreen.swift */; };
		564451D42BF9FAFD00712D17 /* DetailBuilder.swift in Sources */ = {isa = PBXBuildFile; fileRef = 564451D12BF9FAFD00712D17 /* DetailBuilder.swift */; };
		564451D52BF9FAFD00712D17 /* DetailScreenModel.swift in Sources */ = {isa = PBXBuildFile; fileRef = 564451D22BF9FAFD00712D17 /* DetailScreenModel.swift */; };
		568362A02BF90E4C00E7A426 /* SampleApp.swift in Sources */ = {isa = PBXBuildFile; fileRef = 5683629F2BF90E4C00E7A426 /* SampleApp.swift */; };
		568362A22BF90E4C00E7A426 /* ContentView.swift in Sources */ = {isa = PBXBuildFile; fileRef = 568362A12BF90E4C00E7A426 /* ContentView.swift */; };
		568362A42BF90E4C00E7A426 /* Item.swift in Sources */ = {isa = PBXBuildFile; fileRef = 568362A32BF90E4C00E7A426 /* Item.swift */; };
		568362A62BF90E4D00E7A426 /* Assets.xcassets in Resources */ = {isa = PBXBuildFile; fileRef = 568362A52BF90E4D00E7A426 /* Assets.xcassets */; };
		568362AA2BF90E4D00E7A426 /* Preview Assets.xcassets in Resources */ = {isa = PBXBuildFile; fileRef = 568362A92BF90E4D00E7A426 /* Preview Assets.xcassets */; };
		568362B42BF90E4D00E7A426 /* SampleTests.swift in Sources */ = {isa = PBXBuildFile; fileRef = 568362B32BF90E4D00E7A426 /* SampleTests.swift */; };
		568362BE2BF90E4D00E7A426 /* SampleUITests.swift in Sources */ = {isa = PBXBuildFile; fileRef = 568362BD2BF90E4D00E7A426 /* SampleUITests.swift */; };
		568362C02BF90E4D00E7A426 /* SampleUITestsLaunchTests.swift in Sources */ = {isa = PBXBuildFile; fileRef = 568362BF2BF90E4D00E7A426 /* SampleUITestsLaunchTests.swift */; };
		568362D02BF90EF500E7A426 /* MainScreen.swift in Sources */ = {isa = PBXBuildFile; fileRef = 568362CD2BF90EF500E7A426 /* MainScreen.swift */; };
		568362D12BF90EF500E7A426 /* MainBuilder.swift in Sources */ = {isa = PBXBuildFile; fileRef = 568362CE2BF90EF500E7A426 /* MainBuilder.swift */; };
		568362D22BF90EF500E7A426 /* MainScreenModel.swift in Sources */ = {isa = PBXBuildFile; fileRef = 568362CF2BF90EF500E7A426 /* MainScreenModel.swift */; };
		568362D42BF90F2D00E7A426 /* Component.swift in Sources */ = {isa = PBXBuildFile; fileRef = 568362D32BF90F2D00E7A426 /* Component.swift */; };
		568362D92BF9C90000E7A426 /* RootScreen.swift in Sources */ = {isa = PBXBuildFile; fileRef = 568362D62BF9C90000E7A426 /* RootScreen.swift */; };
		568362DA2BF9C90000E7A426 /* RootBuilder.swift in Sources */ = {isa = PBXBuildFile; fileRef = 568362D72BF9C90000E7A426 /* RootBuilder.swift */; };
		568362DB2BF9C90000E7A426 /* RootScreenModel.swift in Sources */ = {isa = PBXBuildFile; fileRef = 568362D82BF9C90000E7A426 /* RootScreenModel.swift */; };
		568362DE2BF9D2E300E7A426 /* AuthKit.swift in Sources */ = {isa = PBXBuildFile; fileRef = 568362DD2BF9D2E300E7A426 /* AuthKit.swift */; };
/* End PBXBuildFile section */

/* Begin PBXContainerItemProxy section */
		568362B02BF90E4D00E7A426 /* PBXContainerItemProxy */ = {
			isa = PBXContainerItemProxy;
			containerPortal = 568362942BF90E4C00E7A426 /* Project object */;
			proxyType = 1;
			remoteGlobalIDString = 5683629B2BF90E4C00E7A426;
			remoteInfo = Sample;
		};
		568362BA2BF90E4D00E7A426 /* PBXContainerItemProxy */ = {
			isa = PBXContainerItemProxy;
			containerPortal = 568362942BF90E4C00E7A426 /* Project object */;
			proxyType = 1;
			remoteGlobalIDString = 5683629B2BF90E4C00E7A426;
			remoteInfo = Sample;
		};
/* End PBXContainerItemProxy section */

/* Begin PBXFileReference section */
		564451C92BF9EDD900712D17 /* LoginScreen.swift */ = {isa = PBXFileReference; lastKnownFileType = sourcecode.swift; path = LoginScreen.swift; sourceTree = "<group>"; };
		564451CA2BF9EDD900712D17 /* LoginBuilder.swift */ = {isa = PBXFileReference; lastKnownFileType = sourcecode.swift; path = LoginBuilder.swift; sourceTree = "<group>"; };
		564451CB2BF9EDD900712D17 /* LoginScreenModel.swift */ = {isa = PBXFileReference; lastKnownFileType = sourcecode.swift; path = LoginScreenModel.swift; sourceTree = "<group>"; };
		564451D02BF9FAFD00712D17 /* DetailScreen.swift */ = {isa = PBXFileReference; lastKnownFileType = sourcecode.swift; path = DetailScreen.swift; sourceTree = "<group>"; };
		564451D12BF9FAFD00712D17 /* DetailBuilder.swift */ = {isa = PBXFileReference; lastKnownFileType = sourcecode.swift; path = DetailBuilder.swift; sourceTree = "<group>"; };
		564451D22BF9FAFD00712D17 /* DetailScreenModel.swift */ = {isa = PBXFileReference; lastKnownFileType = sourcecode.swift; path = DetailScreenModel.swift; sourceTree = "<group>"; };
		5683629C2BF90E4C00E7A426 /* Sample.app */ = {isa = PBXFileReference; explicitFileType = wrapper.application; includeInIndex = 0; path = Sample.app; sourceTree = BUILT_PRODUCTS_DIR; };
		5683629F2BF90E4C00E7A426 /* SampleApp.swift */ = {isa = PBXFileReference; lastKnownFileType = sourcecode.swift; path = SampleApp.swift; sourceTree = "<group>"; };
		568362A12BF90E4C00E7A426 /* ContentView.swift */ = {isa = PBXFileReference; lastKnownFileType = sourcecode.swift; path = ContentView.swift; sourceTree = "<group>"; };
		568362A32BF90E4C00E7A426 /* Item.swift */ = {isa = PBXFileReference; lastKnownFileType = sourcecode.swift; path = Item.swift; sourceTree = "<group>"; };
		568362A52BF90E4D00E7A426 /* Assets.xcassets */ = {isa = PBXFileReference; lastKnownFileType = folder.assetcatalog; path = Assets.xcassets; sourceTree = "<group>"; };
		568362A72BF90E4D00E7A426 /* Sample.entitlements */ = {isa = PBXFileReference; lastKnownFileType = text.plist.entitlements; path = Sample.entitlements; sourceTree = "<group>"; };
		568362A92BF90E4D00E7A426 /* Preview Assets.xcassets */ = {isa = PBXFileReference; lastKnownFileType = folder.assetcatalog; path = "Preview Assets.xcassets"; sourceTree = "<group>"; };
		568362AF2BF90E4D00E7A426 /* SampleTests.xctest */ = {isa = PBXFileReference; explicitFileType = wrapper.cfbundle; includeInIndex = 0; path = SampleTests.xctest; sourceTree = BUILT_PRODUCTS_DIR; };
		568362B32BF90E4D00E7A426 /* SampleTests.swift */ = {isa = PBXFileReference; lastKnownFileType = sourcecode.swift; path = SampleTests.swift; sourceTree = "<group>"; };
		568362B92BF90E4D00E7A426 /* SampleUITests.xctest */ = {isa = PBXFileReference; explicitFileType = wrapper.cfbundle; includeInIndex = 0; path = SampleUITests.xctest; sourceTree = BUILT_PRODUCTS_DIR; };
		568362BD2BF90E4D00E7A426 /* SampleUITests.swift */ = {isa = PBXFileReference; lastKnownFileType = sourcecode.swift; path = SampleUITests.swift; sourceTree = "<group>"; };
		568362BF2BF90E4D00E7A426 /* SampleUITestsLaunchTests.swift */ = {isa = PBXFileReference; lastKnownFileType = sourcecode.swift; path = SampleUITestsLaunchTests.swift; sourceTree = "<group>"; };
		568362CD2BF90EF500E7A426 /* MainScreen.swift */ = {isa = PBXFileReference; lastKnownFileType = sourcecode.swift; path = MainScreen.swift; sourceTree = "<group>"; };
		568362CE2BF90EF500E7A426 /* MainBuilder.swift */ = {isa = PBXFileReference; lastKnownFileType = sourcecode.swift; path = MainBuilder.swift; sourceTree = "<group>"; };
		568362CF2BF90EF500E7A426 /* MainScreenModel.swift */ = {isa = PBXFileReference; lastKnownFileType = sourcecode.swift; path = MainScreenModel.swift; sourceTree = "<group>"; };
		568362D32BF90F2D00E7A426 /* Component.swift */ = {isa = PBXFileReference; lastKnownFileType = sourcecode.swift; path = Component.swift; sourceTree = "<group>"; };
		568362D62BF9C90000E7A426 /* RootScreen.swift */ = {isa = PBXFileReference; lastKnownFileType = sourcecode.swift; path = RootScreen.swift; sourceTree = "<group>"; };
		568362D72BF9C90000E7A426 /* RootBuilder.swift */ = {isa = PBXFileReference; lastKnownFileType = sourcecode.swift; path = RootBuilder.swift; sourceTree = "<group>"; };
		568362D82BF9C90000E7A426 /* RootScreenModel.swift */ = {isa = PBXFileReference; lastKnownFileType = sourcecode.swift; path = RootScreenModel.swift; sourceTree = "<group>"; };
		568362DD2BF9D2E300E7A426 /* AuthKit.swift */ = {isa = PBXFileReference; lastKnownFileType = sourcecode.swift; path = AuthKit.swift; sourceTree = "<group>"; };
/* End PBXFileReference section */

/* Begin PBXFrameworksBuildPhase section */
		568362992BF90E4C00E7A426 /* Frameworks */ = {
			isa = PBXFrameworksBuildPhase;
			buildActionMask = 2147483647;
			files = (
			);
			runOnlyForDeploymentPostprocessing = 0;
		};
		568362AC2BF90E4D00E7A426 /* Frameworks */ = {
			isa = PBXFrameworksBuildPhase;
			buildActionMask = 2147483647;
			files = (
			);
			runOnlyForDeploymentPostprocessing = 0;
		};
		568362B62BF90E4D00E7A426 /* Frameworks */ = {
			isa = PBXFrameworksBuildPhase;
			buildActionMask = 2147483647;
			files = (
			);
			runOnlyForDeploymentPostprocessing = 0;
		};
/* End PBXFrameworksBuildPhase section */

/* Begin PBXGroup section */
		564451CF2BF9FAEE00712D17 /* Detail */ = {
			isa = PBXGroup;
			children = (
				564451D02BF9FAFD00712D17 /* DetailScreen.swift */,
				564451D12BF9FAFD00712D17 /* DetailBuilder.swift */,
				564451D22BF9FAFD00712D17 /* DetailScreenModel.swift */,
			);
			path = Detail;
			sourceTree = "<group>";
		};
		568362932BF90E4C00E7A426 = {
			isa = PBXGroup;
			children = (
				5683629E2BF90E4C00E7A426 /* Sample */,
				568362B22BF90E4D00E7A426 /* SampleTests */,
				568362BC2BF90E4D00E7A426 /* SampleUITests */,
				5683629D2BF90E4C00E7A426 /* Products */,
			);
			sourceTree = "<group>";
		};
		5683629D2BF90E4C00E7A426 /* Products */ = {
			isa = PBXGroup;
			children = (
				5683629C2BF90E4C00E7A426 /* Sample.app */,
				568362AF2BF90E4D00E7A426 /* SampleTests.xctest */,
				568362B92BF90E4D00E7A426 /* SampleUITests.xctest */,
			);
			name = Products;
			sourceTree = "<group>";
		};
		5683629E2BF90E4C00E7A426 /* Sample */ = {
			isa = PBXGroup;
			children = (
				564451CF2BF9FAEE00712D17 /* Detail */,
				568362DF2BF9ED6D00E7A426 /* Login */,
				568362DC2BF9CA4B00E7A426 /* Kits */,
				568362D52BF9C83800E7A426 /* Root */,
				568362CC2BF90E5800E7A426 /* Main */,
				5683629F2BF90E4C00E7A426 /* SampleApp.swift */,
				568362A12BF90E4C00E7A426 /* ContentView.swift */,
				568362A32BF90E4C00E7A426 /* Item.swift */,
				568362A52BF90E4D00E7A426 /* Assets.xcassets */,
				568362A72BF90E4D00E7A426 /* Sample.entitlements */,
				568362A82BF90E4D00E7A426 /* Preview Content */,
				568362D32BF90F2D00E7A426 /* Component.swift */,
			);
			path = Sample;
			sourceTree = "<group>";
		};
		568362A82BF90E4D00E7A426 /* Preview Content */ = {
			isa = PBXGroup;
			children = (
				568362A92BF90E4D00E7A426 /* Preview Assets.xcassets */,
			);
			path = "Preview Content";
			sourceTree = "<group>";
		};
		568362B22BF90E4D00E7A426 /* SampleTests */ = {
			isa = PBXGroup;
			children = (
				568362B32BF90E4D00E7A426 /* SampleTests.swift */,
			);
			path = SampleTests;
			sourceTree = "<group>";
		};
		568362BC2BF90E4D00E7A426 /* SampleUITests */ = {
			isa = PBXGroup;
			children = (
				568362BD2BF90E4D00E7A426 /* SampleUITests.swift */,
				568362BF2BF90E4D00E7A426 /* SampleUITestsLaunchTests.swift */,
			);
			path = SampleUITests;
			sourceTree = "<group>";
		};
		568362CC2BF90E5800E7A426 /* Main */ = {
			isa = PBXGroup;
			children = (
				568362CD2BF90EF500E7A426 /* MainScreen.swift */,
				568362CE2BF90EF500E7A426 /* MainBuilder.swift */,
				568362CF2BF90EF500E7A426 /* MainScreenModel.swift */,
			);
			path = Main;
			sourceTree = "<group>";
		};
		568362D52BF9C83800E7A426 /* Root */ = {
			isa = PBXGroup;
			children = (
				568362D62BF9C90000E7A426 /* RootScreen.swift */,
				568362D72BF9C90000E7A426 /* RootBuilder.swift */,
				568362D82BF9C90000E7A426 /* RootScreenModel.swift */,
			);
			path = Root;
			sourceTree = "<group>";
		};
		568362DC2BF9CA4B00E7A426 /* Kits */ = {
			isa = PBXGroup;
			children = (
				568362DD2BF9D2E300E7A426 /* AuthKit.swift */,
			);
			path = Kits;
			sourceTree = "<group>";
		};
		568362DF2BF9ED6D00E7A426 /* Login */ = {
			isa = PBXGroup;
			children = (
				564451C92BF9EDD900712D17 /* LoginScreen.swift */,
				564451CA2BF9EDD900712D17 /* LoginBuilder.swift */,
				564451CB2BF9EDD900712D17 /* LoginScreenModel.swift */,
			);
			path = Login;
			sourceTree = "<group>";
		};
/* End PBXGroup section */

/* Begin PBXNativeTarget section */
		5683629B2BF90E4C00E7A426 /* Sample */ = {
			isa = PBXNativeTarget;
			buildConfigurationList = 568362C32BF90E4D00E7A426 /* Build configuration list for PBXNativeTarget "Sample" */;
			buildPhases = (
				568362982BF90E4C00E7A426 /* Sources */,
				568362992BF90E4C00E7A426 /* Frameworks */,
				5683629A2BF90E4C00E7A426 /* Resources */,
			);
			buildRules = (
			);
			dependencies = (
			);
			name = Sample;
			productName = Sample;
			productReference = 5683629C2BF90E4C00E7A426 /* Sample.app */;
			productType = "com.apple.product-type.application";
		};
		568362AE2BF90E4D00E7A426 /* SampleTests */ = {
			isa = PBXNativeTarget;
			buildConfigurationList = 568362C62BF90E4D00E7A426 /* Build configuration list for PBXNativeTarget "SampleTests" */;
			buildPhases = (
				568362AB2BF90E4D00E7A426 /* Sources */,
				568362AC2BF90E4D00E7A426 /* Frameworks */,
				568362AD2BF90E4D00E7A426 /* Resources */,
			);
			buildRules = (
			);
			dependencies = (
				568362B12BF90E4D00E7A426 /* PBXTargetDependency */,
			);
			name = SampleTests;
			productName = SampleTests;
			productReference = 568362AF2BF90E4D00E7A426 /* SampleTests.xctest */;
			productType = "com.apple.product-type.bundle.unit-test";
		};
		568362B82BF90E4D00E7A426 /* SampleUITests */ = {
			isa = PBXNativeTarget;
			buildConfigurationList = 568362C92BF90E4D00E7A426 /* Build configuration list for PBXNativeTarget "SampleUITests" */;
			buildPhases = (
				568362B52BF90E4D00E7A426 /* Sources */,
				568362B62BF90E4D00E7A426 /* Frameworks */,
				568362B72BF90E4D00E7A426 /* Resources */,
			);
			buildRules = (
			);
			dependencies = (
				568362BB2BF90E4D00E7A426 /* PBXTargetDependency */,
			);
			name = SampleUITests;
			productName = SampleUITests;
			productReference = 568362B92BF90E4D00E7A426 /* SampleUITests.xctest */;
			productType = "com.apple.product-type.bundle.ui-testing";
		};
/* End PBXNativeTarget section */

/* Begin PBXProject section */
		568362942BF90E4C00E7A426 /* Project object */ = {
			isa = PBXProject;
			attributes = {
				BuildIndependentTargetsInParallel = 1;
				LastSwiftUpdateCheck = 1530;
				LastUpgradeCheck = 1530;
				TargetAttributes = {
					5683629B2BF90E4C00E7A426 = {
						CreatedOnToolsVersion = 15.3;
					};
					568362AE2BF90E4D00E7A426 = {
						CreatedOnToolsVersion = 15.3;
						TestTargetID = 5683629B2BF90E4C00E7A426;
					};
					568362B82BF90E4D00E7A426 = {
						CreatedOnToolsVersion = 15.3;
						TestTargetID = 5683629B2BF90E4C00E7A426;
					};
				};
			};
			buildConfigurationList = 568362972BF90E4C00E7A426 /* Build configuration list for PBXProject "Sample" */;
			compatibilityVersion = "Xcode 14.0";
			developmentRegion = en;
			hasScannedForEncodings = 0;
			knownRegions = (
				en,
				Base,
			);
			mainGroup = 568362932BF90E4C00E7A426;
			productRefGroup = 5683629D2BF90E4C00E7A426 /* Products */;
			projectDirPath = "";
			projectRoot = "";
			targets = (
				5683629B2BF90E4C00E7A426 /* Sample */,
				568362AE2BF90E4D00E7A426 /* SampleTests */,
				568362B82BF90E4D00E7A426 /* SampleUITests */,
			);
		};
/* End PBXProject section */

/* Begin PBXResourcesBuildPhase section */
		5683629A2BF90E4C00E7A426 /* Resources */ = {
			isa = PBXResourcesBuildPhase;
			buildActionMask = 2147483647;
			files = (
				568362AA2BF90E4D00E7A426 /* Preview Assets.xcassets in Resources */,
				568362A62BF90E4D00E7A426 /* Assets.xcassets in Resources */,
			);
			runOnlyForDeploymentPostprocessing = 0;
		};
		568362AD2BF90E4D00E7A426 /* Resources */ = {
			isa = PBXResourcesBuildPhase;
			buildActionMask = 2147483647;
			files = (
			);
			runOnlyForDeploymentPostprocessing = 0;
		};
		568362B72BF90E4D00E7A426 /* Resources */ = {
			isa = PBXResourcesBuildPhase;
			buildActionMask = 2147483647;
			files = (
			);
			runOnlyForDeploymentPostprocessing = 0;
		};
/* End PBXResourcesBuildPhase section */

/* Begin PBXSourcesBuildPhase section */
		568362982BF90E4C00E7A426 /* Sources */ = {
			isa = PBXSourcesBuildPhase;
			buildActionMask = 2147483647;
			files = (
				568362A22BF90E4C00E7A426 /* ContentView.swift in Sources */,
				564451CC2BF9EDD900712D17 /* LoginScreen.swift in Sources */,
				564451CD2BF9EDD900712D17 /* LoginBuilder.swift in Sources */,
				564451CE2BF9EDD900712D17 /* LoginScreenModel.swift in Sources */,
				568362D42BF90F2D00E7A426 /* Component.swift in Sources */,
				568362A42BF90E4C00E7A426 /* Item.swift in Sources */,
				568362D92BF9C90000E7A426 /* RootScreen.swift in Sources */,
				568362DA2BF9C90000E7A426 /* RootBuilder.swift in Sources */,
				564451D32BF9FAFD00712D17 /* DetailScreen.swift in Sources */,
				564451D42BF9FAFD00712D17 /* DetailBuilder.swift in Sources */,
				564451D52BF9FAFD00712D17 /* DetailScreenModel.swift in Sources */,
				568362DB2BF9C90000E7A426 /* RootScreenModel.swift in Sources */,
				568362D02BF90EF500E7A426 /* MainScreen.swift in Sources */,
				568362DE2BF9D2E300E7A426 /* AuthKit.swift in Sources */,
				568362D12BF90EF500E7A426 /* MainBuilder.swift in Sources */,
				568362D22BF90EF500E7A426 /* MainScreenModel.swift in Sources */,
				568362A02BF90E4C00E7A426 /* SampleApp.swift in Sources */,
			);
			runOnlyForDeploymentPostprocessing = 0;
		};
		568362AB2BF90E4D00E7A426 /* Sources */ = {
			isa = PBXSourcesBuildPhase;
			buildActionMask = 2147483647;
			files = (
				568362B42BF90E4D00E7A426 /* SampleTests.swift in Sources */,
			);
			runOnlyForDeploymentPostprocessing = 0;
		};
		568362B52BF90E4D00E7A426 /* Sources */ = {
			isa = PBXSourcesBuildPhase;
			buildActionMask = 2147483647;
			files = (
				568362C02BF90E4D00E7A426 /* SampleUITestsLaunchTests.swift in Sources */,
				568362BE2BF90E4D00E7A426 /* SampleUITests.swift in Sources */,
			);
			runOnlyForDeploymentPostprocessing = 0;
		};
/* End PBXSourcesBuildPhase section */

/* Begin PBXTargetDependency section */
		568362B12BF90E4D00E7A426 /* PBXTargetDependency */ = {
			isa = PBXTargetDependency;
			target = 5683629B2BF90E4C00E7A426 /* Sample */;
			targetProxy = 568362B02BF90E4D00E7A426 /* PBXContainerItemProxy */;
		};
		568362BB2BF90E4D00E7A426 /* PBXTargetDependency */ = {
			isa = PBXTargetDependency;
			target = 5683629B2BF90E4C00E7A426 /* Sample */;
			targetProxy = 568362BA2BF90E4D00E7A426 /* PBXContainerItemProxy */;
		};
/* End PBXTargetDependency section */

/* Begin XCBuildConfiguration section */
		568362C12BF90E4D00E7A426 /* Debug */ = {
			isa = XCBuildConfiguration;
			buildSettings = {
				ALWAYS_SEARCH_USER_PATHS = NO;
				ASSETCATALOG_COMPILER_GENERATE_SWIFT_ASSET_SYMBOL_EXTENSIONS = YES;
				CLANG_ANALYZER_NONNULL = YES;
				CLANG_ANALYZER_NUMBER_OBJECT_CONVERSION = YES_AGGRESSIVE;
				CLANG_CXX_LANGUAGE_STANDARD = "gnu++20";
				CLANG_ENABLE_MODULES = YES;
				CLANG_ENABLE_OBJC_ARC = YES;
				CLANG_ENABLE_OBJC_WEAK = YES;
				CLANG_WARN_BLOCK_CAPTURE_AUTORELEASING = YES;
				CLANG_WARN_BOOL_CONVERSION = YES;
				CLANG_WARN_COMMA = YES;
				CLANG_WARN_CONSTANT_CONVERSION = YES;
				CLANG_WARN_DEPRECATED_OBJC_IMPLEMENTATIONS = YES;
				CLANG_WARN_DIRECT_OBJC_ISA_USAGE = YES_ERROR;
				CLANG_WARN_DOCUMENTATION_COMMENTS = YES;
				CLANG_WARN_EMPTY_BODY = YES;
				CLANG_WARN_ENUM_CONVERSION = YES;
				CLANG_WARN_INFINITE_RECURSION = YES;
				CLANG_WARN_INT_CONVERSION = YES;
				CLANG_WARN_NON_LITERAL_NULL_CONVERSION = YES;
				CLANG_WARN_OBJC_IMPLICIT_RETAIN_SELF = YES;
				CLANG_WARN_OBJC_LITERAL_CONVERSION = YES;
				CLANG_WARN_OBJC_ROOT_CLASS = YES_ERROR;
				CLANG_WARN_QUOTED_INCLUDE_IN_FRAMEWORK_HEADER = YES;
				CLANG_WARN_RANGE_LOOP_ANALYSIS = YES;
				CLANG_WARN_STRICT_PROTOTYPES = YES;
				CLANG_WARN_SUSPICIOUS_MOVE = YES;
				CLANG_WARN_UNGUARDED_AVAILABILITY = YES_AGGRESSIVE;
				CLANG_WARN_UNREACHABLE_CODE = YES;
				CLANG_WARN__DUPLICATE_METHOD_MATCH = YES;
				COPY_PHASE_STRIP = NO;
				DEBUG_INFORMATION_FORMAT = dwarf;
				ENABLE_STRICT_OBJC_MSGSEND = YES;
				ENABLE_TESTABILITY = YES;
				ENABLE_USER_SCRIPT_SANDBOXING = YES;
				GCC_C_LANGUAGE_STANDARD = gnu17;
				GCC_DYNAMIC_NO_PIC = NO;
				GCC_NO_COMMON_BLOCKS = YES;
				GCC_OPTIMIZATION_LEVEL = 0;
				GCC_PREPROCESSOR_DEFINITIONS = (
					"DEBUG=1",
					"$(inherited)",
				);
				GCC_WARN_64_TO_32_BIT_CONVERSION = YES;
				GCC_WARN_ABOUT_RETURN_TYPE = YES_ERROR;
				GCC_WARN_UNDECLARED_SELECTOR = YES;
				GCC_WARN_UNINITIALIZED_AUTOS = YES_AGGRESSIVE;
				GCC_WARN_UNUSED_FUNCTION = YES;
				GCC_WARN_UNUSED_VARIABLE = YES;
				LOCALIZATION_PREFERS_STRING_CATALOGS = YES;
				MTL_ENABLE_DEBUG_INFO = INCLUDE_SOURCE;
				MTL_FAST_MATH = YES;
				ONLY_ACTIVE_ARCH = YES;
				SWIFT_ACTIVE_COMPILATION_CONDITIONS = "DEBUG $(inherited)";
				SWIFT_OPTIMIZATION_LEVEL = "-Onone";
			};
			name = Debug;
		};
		568362C22BF90E4D00E7A426 /* Release */ = {
			isa = XCBuildConfiguration;
			buildSettings = {
				ALWAYS_SEARCH_USER_PATHS = NO;
				ASSETCATALOG_COMPILER_GENERATE_SWIFT_ASSET_SYMBOL_EXTENSIONS = YES;
				CLANG_ANALYZER_NONNULL = YES;
				CLANG_ANALYZER_NUMBER_OBJECT_CONVERSION = YES_AGGRESSIVE;
				CLANG_CXX_LANGUAGE_STANDARD = "gnu++20";
				CLANG_ENABLE_MODULES = YES;
				CLANG_ENABLE_OBJC_ARC = YES;
				CLANG_ENABLE_OBJC_WEAK = YES;
				CLANG_WARN_BLOCK_CAPTURE_AUTORELEASING = YES;
				CLANG_WARN_BOOL_CONVERSION = YES;
				CLANG_WARN_COMMA = YES;
				CLANG_WARN_CONSTANT_CONVERSION = YES;
				CLANG_WARN_DEPRECATED_OBJC_IMPLEMENTATIONS = YES;
				CLANG_WARN_DIRECT_OBJC_ISA_USAGE = YES_ERROR;
				CLANG_WARN_DOCUMENTATION_COMMENTS = YES;
				CLANG_WARN_EMPTY_BODY = YES;
				CLANG_WARN_ENUM_CONVERSION = YES;
				CLANG_WARN_INFINITE_RECURSION = YES;
				CLANG_WARN_INT_CONVERSION = YES;
				CLANG_WARN_NON_LITERAL_NULL_CONVERSION = YES;
				CLANG_WARN_OBJC_IMPLICIT_RETAIN_SELF = YES;
				CLANG_WARN_OBJC_LITERAL_CONVERSION = YES;
				CLANG_WARN_OBJC_ROOT_CLASS = YES_ERROR;
				CLANG_WARN_QUOTED_INCLUDE_IN_FRAMEWORK_HEADER = YES;
				CLANG_WARN_RANGE_LOOP_ANALYSIS = YES;
				CLANG_WARN_STRICT_PROTOTYPES = YES;
				CLANG_WARN_SUSPICIOUS_MOVE = YES;
				CLANG_WARN_UNGUARDED_AVAILABILITY = YES_AGGRESSIVE;
				CLANG_WARN_UNREACHABLE_CODE = YES;
				CLANG_WARN__DUPLICATE_METHOD_MATCH = YES;
				COPY_PHASE_STRIP = NO;
				DEBUG_INFORMATION_FORMAT = "dwarf-with-dsym";
				ENABLE_NS_ASSERTIONS = NO;
				ENABLE_STRICT_OBJC_MSGSEND = YES;
				ENABLE_USER_SCRIPT_SANDBOXING = YES;
				GCC_C_LANGUAGE_STANDARD = gnu17;
				GCC_NO_COMMON_BLOCKS = YES;
				GCC_WARN_64_TO_32_BIT_CONVERSION = YES;
				GCC_WARN_ABOUT_RETURN_TYPE = YES_ERROR;
				GCC_WARN_UNDECLARED_SELECTOR = YES;
				GCC_WARN_UNINITIALIZED_AUTOS = YES_AGGRESSIVE;
				GCC_WARN_UNUSED_FUNCTION = YES;
				GCC_WARN_UNUSED_VARIABLE = YES;
				LOCALIZATION_PREFERS_STRING_CATALOGS = YES;
				MTL_ENABLE_DEBUG_INFO = NO;
				MTL_FAST_MATH = YES;
				SWIFT_COMPILATION_MODE = wholemodule;
			};
			name = Release;
		};
		568362C42BF90E4D00E7A426 /* Debug */ = {
			isa = XCBuildConfiguration;
			buildSettings = {
				ASSETCATALOG_COMPILER_APPICON_NAME = AppIcon;
				ASSETCATALOG_COMPILER_GLOBAL_ACCENT_COLOR_NAME = AccentColor;
				CODE_SIGN_ENTITLEMENTS = Sample/Sample.entitlements;
				CODE_SIGN_STYLE = Automatic;
				CURRENT_PROJECT_VERSION = 1;
				DEVELOPMENT_ASSET_PATHS = "\"Sample/Preview Content\"";
				DEVELOPMENT_TEAM = TZ7NJE8YE2;
				ENABLE_HARDENED_RUNTIME = YES;
				ENABLE_PREVIEWS = YES;
				GENERATE_INFOPLIST_FILE = YES;
				"INFOPLIST_KEY_UIApplicationSceneManifest_Generation[sdk=iphoneos*]" = YES;
				"INFOPLIST_KEY_UIApplicationSceneManifest_Generation[sdk=iphonesimulator*]" = YES;
				"INFOPLIST_KEY_UIApplicationSupportsIndirectInputEvents[sdk=iphoneos*]" = YES;
				"INFOPLIST_KEY_UIApplicationSupportsIndirectInputEvents[sdk=iphonesimulator*]" = YES;
				"INFOPLIST_KEY_UILaunchScreen_Generation[sdk=iphoneos*]" = YES;
				"INFOPLIST_KEY_UILaunchScreen_Generation[sdk=iphonesimulator*]" = YES;
				"INFOPLIST_KEY_UIStatusBarStyle[sdk=iphoneos*]" = UIStatusBarStyleDefault;
				"INFOPLIST_KEY_UIStatusBarStyle[sdk=iphonesimulator*]" = UIStatusBarStyleDefault;
				INFOPLIST_KEY_UISupportedInterfaceOrientations_iPad = "UIInterfaceOrientationPortrait UIInterfaceOrientationPortraitUpsideDown UIInterfaceOrientationLandscapeLeft UIInterfaceOrientationLandscapeRight";
				INFOPLIST_KEY_UISupportedInterfaceOrientations_iPhone = "UIInterfaceOrientationPortrait UIInterfaceOrientationLandscapeLeft UIInterfaceOrientationLandscapeRight";
				IPHONEOS_DEPLOYMENT_TARGET = 17.4;
				LD_RUNPATH_SEARCH_PATHS = "@executable_path/Frameworks";
				"LD_RUNPATH_SEARCH_PATHS[sdk=macosx*]" = "@executable_path/../Frameworks";
				MACOSX_DEPLOYMENT_TARGET = 14.0;
				MARKETING_VERSION = 1.0;
				PRODUCT_BUNDLE_IDENTIFIER = steven.lee.Sample;
				PRODUCT_NAME = "$(TARGET_NAME)";
				SDKROOT = auto;
				SUPPORTED_PLATFORMS = "iphoneos iphonesimulator macosx";
				SWIFT_EMIT_LOC_STRINGS = YES;
				SWIFT_VERSION = 5.0;
				TARGETED_DEVICE_FAMILY = "1,2";
			};
			name = Debug;
		};
		568362C52BF90E4D00E7A426 /* Release */ = {
			isa = XCBuildConfiguration;
			buildSettings = {
				ASSETCATALOG_COMPILER_APPICON_NAME = AppIcon;
				ASSETCATALOG_COMPILER_GLOBAL_ACCENT_COLOR_NAME = AccentColor;
				CODE_SIGN_ENTITLEMENTS = Sample/Sample.entitlements;
				CODE_SIGN_STYLE = Automatic;
				CURRENT_PROJECT_VERSION = 1;
				DEVELOPMENT_ASSET_PATHS = "\"Sample/Preview Content\"";
				DEVELOPMENT_TEAM = TZ7NJE8YE2;
				ENABLE_HARDENED_RUNTIME = YES;
				ENABLE_PREVIEWS = YES;
				GENERATE_INFOPLIST_FILE = YES;
				"INFOPLIST_KEY_UIApplicationSceneManifest_Generation[sdk=iphoneos*]" = YES;
				"INFOPLIST_KEY_UIApplicationSceneManifest_Generation[sdk=iphonesimulator*]" = YES;
				"INFOPLIST_KEY_UIApplicationSupportsIndirectInputEvents[sdk=iphoneos*]" = YES;
				"INFOPLIST_KEY_UIApplicationSupportsIndirectInputEvents[sdk=iphonesimulator*]" = YES;
				"INFOPLIST_KEY_UILaunchScreen_Generation[sdk=iphoneos*]" = YES;
				"INFOPLIST_KEY_UILaunchScreen_Generation[sdk=iphonesimulator*]" = YES;
				"INFOPLIST_KEY_UIStatusBarStyle[sdk=iphoneos*]" = UIStatusBarStyleDefault;
				"INFOPLIST_KEY_UIStatusBarStyle[sdk=iphonesimulator*]" = UIStatusBarStyleDefault;
				INFOPLIST_KEY_UISupportedInterfaceOrientations_iPad = "UIInterfaceOrientationPortrait UIInterfaceOrientationPortraitUpsideDown UIInterfaceOrientationLandscapeLeft UIInterfaceOrientationLandscapeRight";
				INFOPLIST_KEY_UISupportedInterfaceOrientations_iPhone = "UIInterfaceOrientationPortrait UIInterfaceOrientationLandscapeLeft UIInterfaceOrientationLandscapeRight";
				IPHONEOS_DEPLOYMENT_TARGET = 17.4;
				LD_RUNPATH_SEARCH_PATHS = "@executable_path/Frameworks";
				"LD_RUNPATH_SEARCH_PATHS[sdk=macosx*]" = "@executable_path/../Frameworks";
				MACOSX_DEPLOYMENT_TARGET = 14.0;
				MARKETING_VERSION = 1.0;
				PRODUCT_BUNDLE_IDENTIFIER = steven.lee.Sample;
				PRODUCT_NAME = "$(TARGET_NAME)";
				SDKROOT = auto;
				SUPPORTED_PLATFORMS = "iphoneos iphonesimulator macosx";
				SWIFT_EMIT_LOC_STRINGS = YES;
				SWIFT_VERSION = 5.0;
				TARGETED_DEVICE_FAMILY = "1,2";
			};
			name = Release;
		};
		568362C72BF90E4D00E7A426 /* Debug */ = {
			isa = XCBuildConfiguration;
			buildSettings = {
				ALWAYS_EMBED_SWIFT_STANDARD_LIBRARIES = YES;
				BUNDLE_LOADER = "$(TEST_HOST)";
				CODE_SIGN_STYLE = Automatic;
				CURRENT_PROJECT_VERSION = 1;
				DEVELOPMENT_TEAM = TZ7NJE8YE2;
				GENERATE_INFOPLIST_FILE = YES;
				IPHONEOS_DEPLOYMENT_TARGET = 17.4;
				MACOSX_DEPLOYMENT_TARGET = 14.4;
				MARKETING_VERSION = 1.0;
				PRODUCT_BUNDLE_IDENTIFIER = steven.lee.SampleTests;
				PRODUCT_NAME = "$(TARGET_NAME)";
				SDKROOT = auto;
				SUPPORTED_PLATFORMS = "iphoneos iphonesimulator macosx";
				SWIFT_EMIT_LOC_STRINGS = NO;
				SWIFT_VERSION = 5.0;
				TARGETED_DEVICE_FAMILY = "1,2";
				TEST_HOST = "$(BUILT_PRODUCTS_DIR)/Sample.app/$(BUNDLE_EXECUTABLE_FOLDER_PATH)/Sample";
			};
			name = Debug;
		};
		568362C82BF90E4D00E7A426 /* Release */ = {
			isa = XCBuildConfiguration;
			buildSettings = {
				ALWAYS_EMBED_SWIFT_STANDARD_LIBRARIES = YES;
				BUNDLE_LOADER = "$(TEST_HOST)";
				CODE_SIGN_STYLE = Automatic;
				CURRENT_PROJECT_VERSION = 1;
				DEVELOPMENT_TEAM = TZ7NJE8YE2;
				GENERATE_INFOPLIST_FILE = YES;
				IPHONEOS_DEPLOYMENT_TARGET = 17.4;
				MACOSX_DEPLOYMENT_TARGET = 14.4;
				MARKETING_VERSION = 1.0;
				PRODUCT_BUNDLE_IDENTIFIER = steven.lee.SampleTests;
				PRODUCT_NAME = "$(TARGET_NAME)";
				SDKROOT = auto;
				SUPPORTED_PLATFORMS = "iphoneos iphonesimulator macosx";
				SWIFT_EMIT_LOC_STRINGS = NO;
				SWIFT_VERSION = 5.0;
				TARGETED_DEVICE_FAMILY = "1,2";
				TEST_HOST = "$(BUILT_PRODUCTS_DIR)/Sample.app/$(BUNDLE_EXECUTABLE_FOLDER_PATH)/Sample";
			};
			name = Release;
		};
		568362CA2BF90E4D00E7A426 /* Debug */ = {
			isa = XCBuildConfiguration;
			buildSettings = {
				ALWAYS_EMBED_SWIFT_STANDARD_LIBRARIES = YES;
				CODE_SIGN_STYLE = Automatic;
				CURRENT_PROJECT_VERSION = 1;
				DEVELOPMENT_TEAM = TZ7NJE8YE2;
				GENERATE_INFOPLIST_FILE = YES;
				IPHONEOS_DEPLOYMENT_TARGET = 17.4;
				MACOSX_DEPLOYMENT_TARGET = 14.4;
				MARKETING_VERSION = 1.0;
				PRODUCT_BUNDLE_IDENTIFIER = steven.lee.SampleUITests;
				PRODUCT_NAME = "$(TARGET_NAME)";
				SDKROOT = auto;
				SUPPORTED_PLATFORMS = "iphoneos iphonesimulator macosx";
				SWIFT_EMIT_LOC_STRINGS = NO;
				SWIFT_VERSION = 5.0;
				TARGETED_DEVICE_FAMILY = "1,2";
				TEST_TARGET_NAME = Sample;
			};
			name = Debug;
		};
		568362CB2BF90E4D00E7A426 /* Release */ = {
			isa = XCBuildConfiguration;
			buildSettings = {
				ALWAYS_EMBED_SWIFT_STANDARD_LIBRARIES = YES;
				CODE_SIGN_STYLE = Automatic;
				CURRENT_PROJECT_VERSION = 1;
				DEVELOPMENT_TEAM = TZ7NJE8YE2;
				GENERATE_INFOPLIST_FILE = YES;
				IPHONEOS_DEPLOYMENT_TARGET = 17.4;
				MACOSX_DEPLOYMENT_TARGET = 14.4;
				MARKETING_VERSION = 1.0;
				PRODUCT_BUNDLE_IDENTIFIER = steven.lee.SampleUITests;
				PRODUCT_NAME = "$(TARGET_NAME)";
				SDKROOT = auto;
				SUPPORTED_PLATFORMS = "iphoneos iphonesimulator macosx";
				SWIFT_EMIT_LOC_STRINGS = NO;
				SWIFT_VERSION = 5.0;
				TARGETED_DEVICE_FAMILY = "1,2";
				TEST_TARGET_NAME = Sample;
			};
			name = Release;
		};
/* End XCBuildConfiguration section */

/* Begin XCConfigurationList section */
		568362972BF90E4C00E7A426 /* Build configuration list for PBXProject "Sample" */ = {
			isa = XCConfigurationList;
			buildConfigurations = (
				568362C12BF90E4D00E7A426 /* Debug */,
				568362C22BF90E4D00E7A426 /* Release */,
			);
			defaultConfigurationIsVisible = 0;
			defaultConfigurationName = Release;
		};
		568362C32BF90E4D00E7A426 /* Build configuration list for PBXNativeTarget "Sample" */ = {
			isa = XCConfigurationList;
			buildConfigurations = (
				568362C42BF90E4D00E7A426 /* Debug */,
				568362C52BF90E4D00E7A426 /* Release */,
			);
			defaultConfigurationIsVisible = 0;
			defaultConfigurationName = Release;
		};
		568362C62BF90E4D00E7A426 /* Build configuration list for PBXNativeTarget "SampleTests" */ = {
			isa = XCConfigurationList;
			buildConfigurations = (
				568362C72BF90E4D00E7A426 /* Debug */,
				568362C82BF90E4D00E7A426 /* Release */,
			);
			defaultConfigurationIsVisible = 0;
			defaultConfigurationName = Release;
		};
		568362C92BF90E4D00E7A426 /* Build configuration list for PBXNativeTarget "SampleUITests" */ = {
			isa = XCConfigurationList;
			buildConfigurations = (
				568362CA2BF90E4D00E7A426 /* Debug */,
				568362CB2BF90E4D00E7A426 /* Release */,
			);
			defaultConfigurationIsVisible = 0;
			defaultConfigurationName = Release;
		};
/* End XCConfigurationList section */
	};
	rootObject = 568362942BF90E4C00E7A426 /* Project object */;
}
